# THIS IS AN AUTOGENERATED FILE. DO NOT EDIT THIS FILE DIRECTLY.
# yarn lockfile v1


"@octokit/app@^16.1.2":
  version "16.1.2"
  resolved "https://registry.yarnpkg.com/@octokit/app/-/app-16.1.2.tgz#2077a19e55c984408e2d74b9f7dd397870eac0df"
  integrity sha512-8j7sEpUYVj18dxvh0KWj6W/l6uAiVRBl1JBDVRqH1VHKAO/G5eRVl4yEoYACjakWers1DjUkcCHyJNQK47JqyQ==
  dependencies:
    "@octokit/auth-app" "^8.1.2"
    "@octokit/auth-unauthenticated" "^7.0.3"
    "@octokit/core" "^7.0.6"
    "@octokit/oauth-app" "^8.0.3"
    "@octokit/plugin-paginate-rest" "^14.0.0"
    "@octokit/types" "^16.0.0"
    "@octokit/webhooks" "^14.0.0"

"@octokit/auth-app@^8.1.2":
  version "8.1.2"
  resolved "https://registry.yarnpkg.com/@octokit/auth-app/-/auth-app-8.1.2.tgz#68f2ce201c525dc678965c50b377963b3bce135f"
  integrity sha512-db8VO0PqXxfzI6GdjtgEFHY9tzqUql5xMFXYA12juq8TeTgPAuiiP3zid4h50lwlIP457p5+56PnJOgd2GGBuw==
  dependencies:
    "@octokit/auth-oauth-app" "^9.0.3"
    "@octokit/auth-oauth-user" "^6.0.2"
    "@octokit/request" "^10.0.6"
    "@octokit/request-error" "^7.0.2"
    "@octokit/types" "^16.0.0"
    toad-cache "^3.7.0"
    universal-github-app-jwt "^2.2.0"
    universal-user-agent "^7.0.0"

"@octokit/auth-oauth-app@^9.0.2", "@octokit/auth-oauth-app@^9.0.3":
  version "9.0.3"
  resolved "https://registry.yarnpkg.com/@octokit/auth-oauth-app/-/auth-oauth-app-9.0.3.tgz#7d7f55e0aea5b207a5c75e1db81385b0dd25113a"
  integrity sha512-+yoFQquaF8OxJSxTb7rnytBIC2ZLbLqA/yb71I4ZXT9+Slw4TziV9j/kyGhUFRRTF2+7WlnIWsePZCWHs+OGjg==
  dependencies:
    "@octokit/auth-oauth-device" "^8.0.3"
    "@octokit/auth-oauth-user" "^6.0.2"
    "@octokit/request" "^10.0.6"
    "@octokit/types" "^16.0.0"
    universal-user-agent "^7.0.0"

"@octokit/auth-oauth-device@^8.0.3":
  version "8.0.3"
  resolved "https://registry.yarnpkg.com/@octokit/auth-oauth-device/-/auth-oauth-device-8.0.3.tgz#d4b6a5d99c9c2365be1c11702d70668035a976be"
  integrity sha512-zh2W0mKKMh/VWZhSqlaCzY7qFyrgd9oTWmTmHaXnHNeQRCZr/CXy2jCgHo4e4dJVTiuxP5dLa0YM5p5QVhJHbw==
  dependencies:
    "@octokit/oauth-methods" "^6.0.2"
    "@octokit/request" "^10.0.6"
    "@octokit/types" "^16.0.0"
    universal-user-agent "^7.0.0"

"@octokit/auth-oauth-user@^6.0.1", "@octokit/auth-oauth-user@^6.0.2":
  version "6.0.2"
  resolved "https://registry.yarnpkg.com/@octokit/auth-oauth-user/-/auth-oauth-user-6.0.2.tgz#7ec9d2102a7680f2af0ebe2a96d8ad08a1634513"
  integrity sha512-qLoPPc6E6GJoz3XeDG/pnDhJpTkODTGG4kY0/Py154i/I003O9NazkrwJwRuzgCalhzyIeWQ+6MDvkUmKXjg/A==
  dependencies:
    "@octokit/auth-oauth-device" "^8.0.3"
    "@octokit/oauth-methods" "^6.0.2"
    "@octokit/request" "^10.0.6"
    "@octokit/types" "^16.0.0"
    universal-user-agent "^7.0.0"

"@octokit/auth-token@^6.0.0":
  version "6.0.0"
  resolved "https://registry.yarnpkg.com/@octokit/auth-token/-/auth-token-6.0.0.tgz#b02e9c08a2d8937df09a2a981f226ad219174c53"
  integrity sha512-P4YJBPdPSpWTQ1NU4XYdvHvXJJDxM6YwpS0FZHRgP7YFkdVxsWcpWGy/NVqlAA7PcPCnMacXlRm1y2PFZRWL/w==

"@octokit/auth-unauthenticated@^7.0.2", "@octokit/auth-unauthenticated@^7.0.3":
  version "7.0.3"
  resolved "https://registry.yarnpkg.com/@octokit/auth-unauthenticated/-/auth-unauthenticated-7.0.3.tgz#48a469dcb6676f152fb06d24049f02de87e23993"
  integrity sha512-8Jb1mtUdmBHL7lGmop9mU9ArMRUTRhg8vp0T1VtZ4yd9vEm3zcLwmjQkhNEduKawOOORie61xhtYIhTDN+ZQ3g==
  dependencies:
    "@octokit/request-error" "^7.0.2"
    "@octokit/types" "^16.0.0"

"@octokit/core@^7.0.5", "@octokit/core@^7.0.6":
  version "7.0.6"
  resolved "https://registry.yarnpkg.com/@octokit/core/-/core-7.0.6.tgz#0d58704391c6b681dec1117240ea4d2a98ac3916"
  integrity sha512-DhGl4xMVFGVIyMwswXeyzdL4uXD5OGILGX5N8Y+f6W7LhC1Ze2poSNrkF/fedpVDHEEZ+PHFW0vL14I+mm8K3Q==
  dependencies:
    "@octokit/auth-token" "^6.0.0"
    "@octokit/graphql" "^9.0.3"
    "@octokit/request" "^10.0.6"
    "@octokit/request-error" "^7.0.2"
    "@octokit/types" "^16.0.0"
    before-after-hook "^4.0.0"
    universal-user-agent "^7.0.0"

"@octokit/endpoint@^11.0.2":
  version "11.0.2"
  resolved "https://registry.yarnpkg.com/@octokit/endpoint/-/endpoint-11.0.2.tgz#a8d955e053a244938b81d86cd73efd2dcb5ef5af"
  integrity sha512-4zCpzP1fWc7QlqunZ5bSEjxc6yLAlRTnDwKtgXfcI/FxxGoqedDG8V2+xJ60bV2kODqcGB+nATdtap/XYq2NZQ==
  dependencies:
    "@octokit/types" "^16.0.0"
    universal-user-agent "^7.0.2"

"@octokit/graphql@^9.0.3":
  version "9.0.3"
  resolved "https://registry.yarnpkg.com/@octokit/graphql/-/graphql-9.0.3.tgz#5b8341c225909e924b466705c13477face869456"
  integrity sha512-grAEuupr/C1rALFnXTv6ZQhFuL1D8G5y8CN04RgrO4FIPMrtm+mcZzFG7dcBm+nq+1ppNixu+Jd78aeJOYxlGA==
  dependencies:
    "@octokit/request" "^10.0.6"
    "@octokit/types" "^16.0.0"
    universal-user-agent "^7.0.0"

"@octokit/oauth-app@^8.0.3":
  version "8.0.3"
  resolved "https://registry.yarnpkg.com/@octokit/oauth-app/-/oauth-app-8.0.3.tgz#56172be3be768f9c38f12a63e5ef8d6644fd7efb"
  integrity sha512-jnAjvTsPepyUaMu9e69hYBuozEPgYqP4Z3UnpmvoIzHDpf8EXDGvTY1l1jK0RsZ194oRd+k6Hm13oRU8EoDFwg==
  dependencies:
    "@octokit/auth-oauth-app" "^9.0.2"
    "@octokit/auth-oauth-user" "^6.0.1"
    "@octokit/auth-unauthenticated" "^7.0.2"
    "@octokit/core" "^7.0.5"
    "@octokit/oauth-authorization-url" "^8.0.0"
    "@octokit/oauth-methods" "^6.0.1"
    "@types/aws-lambda" "^8.10.83"
    universal-user-agent "^7.0.0"

"@octokit/oauth-authorization-url@^8.0.0":
  version "8.0.0"
  resolved "https://registry.yarnpkg.com/@octokit/oauth-authorization-url/-/oauth-authorization-url-8.0.0.tgz#fdbab39a07d38faaad8621a5fdf04bc0c36d63e7"
  integrity sha512-7QoLPRh/ssEA/HuHBHdVdSgF8xNLz/Bc5m9fZkArJE5bb6NmVkDm3anKxXPmN1zh6b5WKZPRr3697xKT/yM3qQ==

"@octokit/oauth-methods@^6.0.1", "@octokit/oauth-methods@^6.0.2":
  version "6.0.2"
  resolved "https://registry.yarnpkg.com/@octokit/oauth-methods/-/oauth-methods-6.0.2.tgz#0c3da61244040cd2e9075d5949b5deed3fa6e52c"
  integrity sha512-HiNOO3MqLxlt5Da5bZbLV8Zarnphi4y9XehrbaFMkcoJ+FL7sMxH/UlUsCVxpddVu4qvNDrBdaTVE2o4ITK8ng==
  dependencies:
    "@octokit/oauth-authorization-url" "^8.0.0"
    "@octokit/request" "^10.0.6"
    "@octokit/request-error" "^7.0.2"
    "@octokit/types" "^16.0.0"

"@octokit/openapi-types@^27.0.0":
  version "27.0.0"
  resolved "https://registry.yarnpkg.com/@octokit/openapi-types/-/openapi-types-27.0.0.tgz#374ea53781965fd02a9d36cacb97e152cefff12d"
  integrity sha512-whrdktVs1h6gtR+09+QsNk2+FO+49j6ga1c55YZudfEG+oKJVvJLQi3zkOm5JjiUXAagWK2tI2kTGKJ2Ys7MGA==

"@octokit/openapi-webhooks-types@12.1.0":
  version "12.1.0"
  resolved "https://registry.yarnpkg.com/@octokit/openapi-webhooks-types/-/openapi-webhooks-types-12.1.0.tgz#6f1b2839a0d00c9524e81f16d8735ec410bce187"
  integrity sha512-WiuzhOsiOvb7W3Pvmhf8d2C6qaLHXrWiLBP4nJ/4kydu+wpagV5Fkz9RfQwV2afYzv3PB+3xYgp4mAdNGjDprA==

"@octokit/plugin-paginate-graphql@^6.0.0":
  version "6.0.0"
  resolved "https://registry.yarnpkg.com/@octokit/plugin-paginate-graphql/-/plugin-paginate-graphql-6.0.0.tgz#acdefd7e85ce24716e7ad7352f2df4d29d0e273b"
  integrity sha512-crfpnIoFiBtRkvPqOyLOsw12XsveYuY2ieP6uYDosoUegBJpSVxGwut9sxUgFFcll3VTOTqpUf8yGd8x1OmAkQ==

"@octokit/plugin-paginate-rest@^14.0.0":
  version "14.0.0"
  resolved "https://registry.yarnpkg.com/@octokit/plugin-paginate-rest/-/plugin-paginate-rest-14.0.0.tgz#44dc9fff2dacb148d4c5c788b573ddc044503026"
  integrity sha512-fNVRE7ufJiAA3XUrha2omTA39M6IXIc6GIZLvlbsm8QOQCYvpq/LkMNGyFlB1d8hTDzsAXa3OKtybdMAYsV/fw==
  dependencies:
    "@octokit/types" "^16.0.0"

"@octokit/plugin-rest-endpoint-methods@^17.0.0":
  version "17.0.0"
  resolved "https://registry.yarnpkg.com/@octokit/plugin-rest-endpoint-methods/-/plugin-rest-endpoint-methods-17.0.0.tgz#8c54397d3a4060356a1c8a974191ebf945924105"
  integrity sha512-B5yCyIlOJFPqUUeiD0cnBJwWJO8lkJs5d8+ze9QDP6SvfiXSz1BF+91+0MeI1d2yxgOhU/O+CvtiZ9jSkHhFAw==
  dependencies:
    "@octokit/types" "^16.0.0"

"@octokit/plugin-retry@^8.0.3":
  version "8.0.3"
  resolved "https://registry.yarnpkg.com/@octokit/plugin-retry/-/plugin-retry-8.0.3.tgz#8b7af9700272df724d12fd6333ead98961d135c6"
  integrity sha512-vKGx1i3MC0za53IzYBSBXcrhmd+daQDzuZfYDd52X5S0M2otf3kVZTVP8bLA3EkU0lTvd1WEC2OlNNa4G+dohA==
  dependencies:
    "@octokit/request-error" "^7.0.2"
    "@octokit/types" "^16.0.0"
    bottleneck "^2.15.3"

"@octokit/plugin-throttling@^11.0.3":
  version "11.0.3"
  resolved "https://registry.yarnpkg.com/@octokit/plugin-throttling/-/plugin-throttling-11.0.3.tgz#584b1a9ca73a5daafeeb7dd5cc13a1bd29a6a60d"
  integrity sha512-34eE0RkFCKycLl2D2kq7W+LovheM/ex3AwZCYN8udpi6bxsyjZidb2McXs69hZhLmJlDqTSP8cH+jSRpiaijBg==
  dependencies:
    "@octokit/types" "^16.0.0"
    bottleneck "^2.15.3"

"@octokit/request-error@^7.0.0", "@octokit/request-error@^7.0.2":
  version "7.1.0"
  resolved "https://registry.yarnpkg.com/@octokit/request-error/-/request-error-7.1.0.tgz#440fa3cae310466889778f5a222b47a580743638"
  integrity sha512-KMQIfq5sOPpkQYajXHwnhjCC0slzCNScLHs9JafXc4RAJI+9f+jNDlBNaIMTvazOPLgb4BnlhGJOTbnN0wIjPw==
  dependencies:
    "@octokit/types" "^16.0.0"

"@octokit/request@^10.0.6":
  version "10.0.7"
  resolved "https://registry.yarnpkg.com/@octokit/request/-/request-10.0.7.tgz#93f619914c523750a85e7888de983e1009eb03f6"
  integrity sha512-v93h0i1yu4idj8qFPZwjehoJx4j3Ntn+JhXsdJrG9pYaX6j/XRz2RmasMUHtNgQD39nrv/VwTWSqK0RNXR8upA==
  dependencies:
    "@octokit/endpoint" "^11.0.2"
    "@octokit/request-error" "^7.0.2"
    "@octokit/types" "^16.0.0"
    fast-content-type-parse "^3.0.0"
    universal-user-agent "^7.0.2"

"@octokit/types@^16.0.0":
  version "16.0.0"
  resolved "https://registry.yarnpkg.com/@octokit/types/-/types-16.0.0.tgz#fbd7fa590c2ef22af881b1d79758bfaa234dbb7c"
  integrity sha512-sKq+9r1Mm4efXW1FCk7hFSeJo4QKreL/tTbR0rz/qx/r1Oa2VV83LTA/H/MuCOX7uCIJmQVRKBcbmWoySjAnSg==
  dependencies:
    "@octokit/openapi-types" "^27.0.0"

"@octokit/webhooks-methods@^6.0.0":
  version "6.0.0"
  resolved "https://registry.yarnpkg.com/@octokit/webhooks-methods/-/webhooks-methods-6.0.0.tgz#34abf78aec6f826fe561cfe79d2ebb1950d1d25f"
  integrity sha512-MFlzzoDJVw/GcbfzVC1RLR36QqkTLUf79vLVO3D+xn7r0QgxnFoLZgtrzxiQErAjFUOdH6fas2KeQJ1yr/qaXQ==

"@octokit/webhooks@^14.0.0":
  version "14.2.0"
  resolved "https://registry.yarnpkg.com/@octokit/webhooks/-/webhooks-14.2.0.tgz#db5e730fb3a2841f4dec6a1394d98589e74371d2"
  integrity sha512-da6KbdNCV5sr1/txD896V+6W0iamFWrvVl8cHkBSPT+YlvmT3DwXa4jxZnQc+gnuTEqSWbBeoSZYTayXH9wXcw==
  dependencies:
    "@octokit/openapi-webhooks-types" "12.1.0"
    "@octokit/request-error" "^7.0.0"
    "@octokit/webhooks-methods" "^6.0.0"

"@types/aws-lambda@^8.10.83":
  version "8.10.159"
  resolved "https://registry.yarnpkg.com/@types/aws-lambda/-/aws-lambda-8.10.159.tgz#0ab559f4519e42732a393b28c21564da9763c5aa"
  integrity sha512-SAP22WSGNN12OQ8PlCzGzRCZ7QDCwI85dQZbmpz7+mAk+L7j+wI7qnvmdKh+o7A5LaOp6QnOZ2NJphAZQTTHQg==

"@vladaviedov/gh-lang-stats@^0.8.4":
  version "0.8.4"
  resolved "https://npm.pkg.github.com/download/@vladaviedov/gh-lang-stats/0.8.4/4e4aae6db045fb10c3f02a11749b8e072db84021#4e4aae6db045fb10c3f02a11749b8e072db84021"
  integrity sha512-WQGXI0azNnWKXHXBsCuWrPWtkW66n0qjiXBXTIkcSivb8pzJ1XvmpG156HFBmnS4yLRIS50nTjtDaa3N2uBSEg==
  dependencies:
    "@octokit/core" "^7.0.6"
    "@octokit/plugin-throttling" "^11.0.3"
    octokit "^5.0.5"
    yaml "^2.3.1"

before-after-hook@^4.0.0:
  version "4.0.0"
  resolved "https://registry.yarnpkg.com/before-after-hook/-/before-after-hook-4.0.0.tgz#cf1447ab9160df6a40f3621da64d6ffc36050cb9"
  integrity sha512-q6tR3RPqIB1pMiTRMFcZwuG5T8vwp+vUvEG0vuI6B+Rikh5BfPp2fQ82c925FOs+b0lcFQ8CFrL+KbilfZFhOQ==

bottleneck@^2.15.3:
  version "2.19.5"
  resolved "https://registry.yarnpkg.com/bottleneck/-/bottleneck-2.19.5.tgz#5df0b90f59fd47656ebe63c78a98419205cadd91"
  integrity sha512-VHiNCbI1lKdl44tGrhNfU3lup0Tj/ZBMJB5/2ZbNXRCPuRCO7ed2mgcK4r17y+KB2EfuYuRaVlwNbAeaWGSpbw==

fast-content-type-parse@^3.0.0:
  version "3.0.0"
  resolved "https://registry.yarnpkg.com/fast-content-type-parse/-/fast-content-type-parse-3.0.0.tgz#5590b6c807cc598be125e6740a9fde589d2b7afb"
  integrity sha512-ZvLdcY8P+N8mGQJahJV5G4U88CSvT1rP8ApL6uETe88MBXrBHAkZlSEySdUlyztF7ccb+Znos3TFqaepHxdhBg==

octokit@^5.0.5:
  version "5.0.5"
  resolved "https://registry.yarnpkg.com/octokit/-/octokit-5.0.5.tgz#8122c8db5c818381839ccc1980295abd9909548f"
  integrity sha512-4+/OFSqOjoyULo7eN7EA97DE0Xydj/PW5aIckxqQIoFjFwqXKuFCvXUJObyJfBF9Khu4RL/jlDRI9FPaMGfPnw==
  dependencies:
    "@octokit/app" "^16.1.2"
    "@octokit/core" "^7.0.6"
    "@octokit/oauth-app" "^8.0.3"
    "@octokit/plugin-paginate-graphql" "^6.0.0"
    "@octokit/plugin-paginate-rest" "^14.0.0"
    "@octokit/plugin-rest-endpoint-methods" "^17.0.0"
    "@octokit/plugin-retry" "^8.0.3"
    "@octokit/plugin-throttling" "^11.0.3"
    "@octokit/request-error" "^7.0.2"
    "@octokit/types" "^16.0.0"
    "@octokit/webhooks" "^14.0.0"

toad-cache@^3.7.0:
  version "3.7.0"
  resolved "https://registry.yarnpkg.com/toad-cache/-/toad-cache-3.7.0.tgz#b9b63304ea7c45ec34d91f1d2fa513517025c441"
  integrity sha512-/m8M+2BJUpoJdgAHoG+baCwBT+tf2VraSfkBgl0Y00qIWt41DJ8R5B8nsEw0I58YwF5IZH6z24/2TobDKnqSWw==

universal-github-app-jwt@^2.2.0:
  version "2.2.2"
  resolved "https://registry.yarnpkg.com/universal-github-app-jwt/-/universal-github-app-jwt-2.2.2.tgz#38537e5a7d154085a35f97601a5e30e9e17717df"
  integrity sha512-dcmbeSrOdTnsjGjUfAlqNDJrhxXizjAz94ija9Qw8YkZ1uu0d+GoZzyH+Jb9tIIqvGsadUfwg+22k5aDqqwzbw==

universal-user-agent@^7.0.0, universal-user-agent@^7.0.2:
  version "7.0.3"
  resolved "https://registry.yarnpkg.com/universal-user-agent/-/universal-user-agent-7.0.3.tgz#c05870a58125a2dc00431f2df815a77fe69736be"
  integrity sha512-TmnEAEAsBJVZM/AADELsK76llnwcf9vMKuPz8JflO1frO8Lchitr0fNaN9d+Ap0BjKtqWqd/J17qeDnXh8CL2A==

yaml@^2.3.1:
  version "2.8.2"
  resolved "https://registry.yarnpkg.com/yaml/-/yaml-2.8.2.tgz#5694f25eca0ce9c3e7a9d9e00ce0ddabbd9e35c5"
  integrity sha512-mplynKqc1C2hTVYxd0PU2xQAc22TI1vShAYGksCCfxbn/dFwnHTNi1bvYsBTkhdUNtGIf5xNOg938rrSSYvS9A==
